
Microsoft Visual Studio Solution File, Format Version 12.00
# Visual Studio Version 16
VisualStudioVersion = 16.0.33801.447
MinimumVisualStudioVersion = 10.0.40219.1
Project("{FAE04EC0-301F-11D3-BF4B-00C04F79EFBC}") = "triangle of serpinskiy", "triangle of serpinskiy\triangle of serpinskiy.csproj", "{D690CCB0-1803-4DE3-926F-5C30016CB761}"
EndProject
Global
	GlobalSection(SolutionConfigurationPlatforms) = preSolution
		Debug|Any CPU = Debug|Any CPU
		Release|Any CPU = Release|Any CPU
	EndGlobalSection
	GlobalSection(ProjectConfigurationPlatforms) = postSolution
		{D690CCB0-1803-4DE3-926F-5C30016CB761}.Debug|Any CPU.ActiveCfg = Debug|Any CPU
		{D690CCB0-1803-4DE3-926F-5C30016CB761}.Debug|Any CPU.Build.0 = Debug|Any CPU
		{D690CCB0-1803-4DE3-926F-5C30016CB761}.Release|Any CPU.ActiveCfg = Release|Any CPU
		{D690CCB0-1803-4DE3-926F-5C30016CB761}.Release|Any CPU.Build.0 = Release|Any CPU
	EndGlobalSection
	GlobalSection(SolutionProperties) = preSolution
		HideSolutionNode = FALSE
	EndGlobalSection
	GlobalSection(ExtensibilityGlobals) = postSolution
		SolutionGuid = {F38E3993-6FC9-44AF-B2F2-3D7CE129098E}
	EndGlobalSection
EndGlobal
